
Microsoft Visual Studio Solution File, Format Version 12.00
# Visual Studio 15
VisualStudioVersion = 15.0.27428.2037
MinimumVisualStudioVersion = 10.0.40219.1
Project("{FAE04EC0-301F-11D3-BF4B-00C04F79EFBC}") = "Hbms.Mes.Web", "Hbms.Mes.Web\Hbms.Mes.Web.csproj", "{AEA2E5F5-C617-46BB-AE15-1587A52DE2EA}"
EndProject
Project("{FAE04EC0-301F-11D3-BF4B-00C04F79EFBC}") = "Hbms.Mes.Model", "Hbms.Mes.Model\Hbms.Mes.Model.csproj", "{91DAF8B7-65BA-40FF-A4F8-901C6F288916}"
EndProject
Project("{FAE04EC0-301F-11D3-BF4B-00C04F79EFBC}") = "Hbms.Mes.IDAL", "Hbms.Mes.IDAL\Hbms.Mes.IDAL.csproj", "{419A315C-E74B-49BE-BD50-EAADC352492A}"
EndProject
Project("{FAE04EC0-301F-11D3-BF4B-00C04F79EFBC}") = "Hbms.Mes.DAL", "Hbms.Mes.DAL\Hbms.Mes.DAL.csproj", "{3C112BE9-1103-45F8-9808-9A209721CAC6}"
EndProject
Project("{FAE04EC0-301F-11D3-BF4B-00C04F79EFBC}") = "Hbms.Mes.IBLL", "Hbms.Mes.IBLL\Hbms.Mes.IBLL.csproj", "{E238109B-D853-4F42-9502-1082E8D77C34}"
EndProject
Project("{FAE04EC0-301F-11D3-BF4B-00C04F79EFBC}") = "Hbms.Mes.BLL", "Hbms.Mes.BLL\Hbms.Mes.BLL.csproj", "{2E3C037A-0CCC-4655-AF17-C6F06CAE9C14}"
EndProject
Project("{FAE04EC0-301F-11D3-BF4B-00C04F79EFBC}") = "Hbms.Mes.DalFactory", "Hbms.Mes.DalFactory\Hbms.Mes.DalFactory.csproj", "{0BFCA074-CA38-4340-9149-E748D65866B4}"
EndProject
Project("{2150E333-8FDC-42A3-9474-1A3956D46DE8}") = "01.Web", "01.Web", "{163BF4D9-68FA-4845-994E-7D73520199C1}"
EndProject
Project("{2150E333-8FDC-42A3-9474-1A3956D46DE8}") = "02.BLL", "02.BLL", "{4088F1B3-B88C-4375-A5B5-4B96431FE89B}"
EndProject
Project("{2150E333-8FDC-42A3-9474-1A3956D46DE8}") = "03.DAL", "03.DAL", "{378CDDF7-E6C4-48D6-A684-0AA698B00EE8}"
EndProject
Project("{2150E333-8FDC-42A3-9474-1A3956D46DE8}") = "04.Model", "04.Model", "{5BA8396C-6D06-4E1B-98D4-09DBB7B26CFC}"
EndProject
Project("{2150E333-8FDC-42A3-9474-1A3956D46DE8}") = "05.Common", "05.Common", "{C6AF5221-EFAC-46BC-8909-5D0358BDACC3}"
EndProject
Project("{2150E333-8FDC-42A3-9474-1A3956D46DE8}") = "06.Demo", "06.Demo", "{FC1D73F9-1BEA-4DF8-A814-76035DF9B74F}"
EndProject
Project("{FAE04EC0-301F-11D3-BF4B-00C04F79EFBC}") = "Spring.Net", "Spring.Net\Spring.Net.csproj", "{62601AF9-A2A8-43CB-84F6-12FAA8D817ED}"
EndProject
Project("{FAE04EC0-301F-11D3-BF4B-00C04F79EFBC}") = "Hbms.Mes.Common", "Hbms.Mes.Common\Hbms.Mes.Common.csproj", "{2302D74F-8C50-4FE1-9153-8A1F1D40B997}"
EndProject
Project("{FAE04EC0-301F-11D3-BF4B-00C04F79EFBC}") = "RedisDemo", "RedisDemo\RedisDemo.csproj", "{FBFCEEFB-B3AA-4981-B392-0227E0A29C62}"
EndProject
Global
	GlobalSection(SolutionConfigurationPlatforms) = preSolution
		Debug|Any CPU = Debug|Any CPU
		Release|Any CPU = Release|Any CPU
	EndGlobalSection
	GlobalSection(ProjectConfigurationPlatforms) = postSolution
		{AEA2E5F5-C617-46BB-AE15-1587A52DE2EA}.Debug|Any CPU.ActiveCfg = Debug|Any CPU
		{AEA2E5F5-C617-46BB-AE15-1587A52DE2EA}.Debug|Any CPU.Build.0 = Debug|Any CPU
		{AEA2E5F5-C617-46BB-AE15-1587A52DE2EA}.Release|Any CPU.ActiveCfg = Release|Any CPU
		{AEA2E5F5-C617-46BB-AE15-1587A52DE2EA}.Release|Any CPU.Build.0 = Release|Any CPU
		{91DAF8B7-65BA-40FF-A4F8-901C6F288916}.Debug|Any CPU.ActiveCfg = Debug|Any CPU
		{91DAF8B7-65BA-40FF-A4F8-901C6F288916}.Debug|Any CPU.Build.0 = Debug|Any CPU
		{91DAF8B7-65BA-40FF-A4F8-901C6F288916}.Release|Any CPU.ActiveCfg = Release|Any CPU
		{91DAF8B7-65BA-40FF-A4F8-901C6F288916}.Release|Any CPU.Build.0 = Release|Any CPU
		{419A315C-E74B-49BE-BD50-EAADC352492A}.Debug|Any CPU.ActiveCfg = Debug|Any CPU
		{419A315C-E74B-49BE-BD50-EAADC352492A}.Debug|Any CPU.Build.0 = Debug|Any CPU
		{419A315C-E74B-49BE-BD50-EAADC352492A}.Release|Any CPU.ActiveCfg = Release|Any CPU
		{419A315C-E74B-49BE-BD50-EAADC352492A}.Release|Any CPU.Build.0 = Release|Any CPU
		{3C112BE9-1103-45F8-9808-9A209721CAC6}.Debug|Any CPU.ActiveCfg = Debug|Any CPU
		{3C112BE9-1103-45F8-9808-9A209721CAC6}.Debug|Any CPU.Build.0 = Debug|Any CPU
		{3C112BE9-1103-45F8-9808-9A209721CAC6}.Release|Any CPU.ActiveCfg = Release|Any CPU
		{3C112BE9-1103-45F8-9808-9A209721CAC6}.Release|Any CPU.Build.0 = Release|Any CPU
		{E238109B-D853-4F42-9502-1082E8D77C34}.Debug|Any CPU.ActiveCfg = Debug|Any CPU
		{E238109B-D853-4F42-9502-1082E8D77C34}.Debug|Any CPU.Build.0 = Debug|Any CPU
		{E238109B-D853-4F42-9502-1082E8D77C34}.Release|Any CPU.ActiveCfg = Release|Any CPU
		{E238109B-D853-4F42-9502-1082E8D77C34}.Release|Any CPU.Build.0 = Release|Any CPU
		{2E3C037A-0CCC-4655-AF17-C6F06CAE9C14}.Debug|Any CPU.ActiveCfg = Debug|Any CPU
		{2E3C037A-0CCC-4655-AF17-C6F06CAE9C14}.Debug|Any CPU.Build.0 = Debug|Any CPU
		{2E3C037A-0CCC-4655-AF17-C6F06CAE9C14}.Release|Any CPU.ActiveCfg = Release|Any CPU
		{2E3C037A-0CCC-4655-AF17-C6F06CAE9C14}.Release|Any CPU.Build.0 = Release|Any CPU
		{0BFCA074-CA38-4340-9149-E748D65866B4}.Debug|Any CPU.ActiveCfg = Debug|Any CPU
		{0BFCA074-CA38-4340-9149-E748D65866B4}.Debug|Any CPU.Build.0 = Debug|Any CPU
		{0BFCA074-CA38-4340-9149-E748D65866B4}.Release|Any CPU.ActiveCfg = Release|Any CPU
		{0BFCA074-CA38-4340-9149-E748D65866B4}.Release|Any CPU.Build.0 = Release|Any CPU
		{62601AF9-A2A8-43CB-84F6-12FAA8D817ED}.Debug|Any CPU.ActiveCfg = Debug|Any CPU
		{62601AF9-A2A8-43CB-84F6-12FAA8D817ED}.Debug|Any CPU.Build.0 = Debug|Any CPU
		{62601AF9-A2A8-43CB-84F6-12FAA8D817ED}.Release|Any CPU.ActiveCfg = Release|Any CPU
		{62601AF9-A2A8-43CB-84F6-12FAA8D817ED}.Release|Any CPU.Build.0 = Release|Any CPU
		{2302D74F-8C50-4FE1-9153-8A1F1D40B997}.Debug|Any CPU.ActiveCfg = Debug|Any CPU
		{2302D74F-8C50-4FE1-9153-8A1F1D40B997}.Debug|Any CPU.Build.0 = Debug|Any CPU
		{2302D74F-8C50-4FE1-9153-8A1F1D40B997}.Release|Any CPU.ActiveCfg = Release|Any CPU
		{2302D74F-8C50-4FE1-9153-8A1F1D40B997}.Release|Any CPU.Build.0 = Release|Any CPU
		{FBFCEEFB-B3AA-4981-B392-0227E0A29C62}.Debug|Any CPU.ActiveCfg = Debug|Any CPU
		{FBFCEEFB-B3AA-4981-B392-0227E0A29C62}.Debug|Any CPU.Build.0 = Debug|Any CPU
		{FBFCEEFB-B3AA-4981-B392-0227E0A29C62}.Release|Any CPU.ActiveCfg = Release|Any CPU
		{FBFCEEFB-B3AA-4981-B392-0227E0A29C62}.Release|Any CPU.Build.0 = Release|Any CPU
	EndGlobalSection
	GlobalSection(SolutionProperties) = preSolution
		HideSolutionNode = FALSE
	EndGlobalSection
	GlobalSection(NestedProjects) = preSolution
		{AEA2E5F5-C617-46BB-AE15-1587A52DE2EA} = {163BF4D9-68FA-4845-994E-7D73520199C1}
		{91DAF8B7-65BA-40FF-A4F8-901C6F288916} = {5BA8396C-6D06-4E1B-98D4-09DBB7B26CFC}
		{419A315C-E74B-49BE-BD50-EAADC352492A} = {378CDDF7-E6C4-48D6-A684-0AA698B00EE8}
		{3C112BE9-1103-45F8-9808-9A209721CAC6} = {378CDDF7-E6C4-48D6-A684-0AA698B00EE8}
		{E238109B-D853-4F42-9502-1082E8D77C34} = {4088F1B3-B88C-4375-A5B5-4B96431FE89B}
		{2E3C037A-0CCC-4655-AF17-C6F06CAE9C14} = {4088F1B3-B88C-4375-A5B5-4B96431FE89B}
		{0BFCA074-CA38-4340-9149-E748D65866B4} = {378CDDF7-E6C4-48D6-A684-0AA698B00EE8}
		{62601AF9-A2A8-43CB-84F6-12FAA8D817ED} = {FC1D73F9-1BEA-4DF8-A814-76035DF9B74F}
		{2302D74F-8C50-4FE1-9153-8A1F1D40B997} = {C6AF5221-EFAC-46BC-8909-5D0358BDACC3}
		{FBFCEEFB-B3AA-4981-B392-0227E0A29C62} = {FC1D73F9-1BEA-4DF8-A814-76035DF9B74F}
	EndGlobalSection
	GlobalSection(ExtensibilityGlobals) = postSolution
		SolutionGuid = {1D81147C-CE61-4368-92DC-194D71CFAF1B}
	EndGlobalSection
EndGlobal
